github.com/komangsu/go-module-hello v1.0.0 h1:L5AKHytHoUd6LOQTwzhkN29zl4C0+XUpPL3L7RiQCLI=
github.com/komangsu/go-module-hello v1.0.0/go.mod h1:DxghgqZXovIbCEuFRJCS2hTDG1hTAU4hvA+uCgYOeMM=
github.com/komangsu/go-module-hello v1.1.0 h1:VCf0km+5VmkAHON8uHEKn8vKEEuhB6fYEvERT0gLP6Q=
github.com/komangsu/go-module-hello v1.1.0/go.mod h1:DxghgqZXovIbCEuFRJCS2hTDG1hTAU4hvA+uCgYOeMM=
